// !$*UTF8*$!
{
	archiveVersion = 1;
	classes = {
	};
	objectVersion = 56;
	objects = {

/* Begin PBXBuildFile section */
		433EBDA829C4798900CF7386 /* Digital_GeniusApp.swift in Sources */ = {isa = PBXBuildFile; fileRef = 433EBDA729C4798900CF7386 /* Digital_GeniusApp.swift */; };
		433EBDAA29C4798900CF7386 /* ContentView.swift in Sources */ = {isa = PBXBuildFile; fileRef = 433EBDA929C4798900CF7386 /* ContentView.swift */; };
		433EBDAC29C4798A00CF7386 /* Assets.xcassets in Resources */ = {isa = PBXBuildFile; fileRef = 433EBDAB29C4798A00CF7386 /* Assets.xcassets */; };
		433EBDAF29C4798A00CF7386 /* Preview Assets.xcassets in Resources */ = {isa = PBXBuildFile; fileRef = 433EBDAE29C4798A00CF7386 /* Preview Assets.xcassets */; };
		433EBDB629C47A7800CF7386 /* GoogleService-Info.plist in Resources */ = {isa = PBXBuildFile; fileRef = 433EBDB529C47A7800CF7386 /* GoogleService-Info.plist */; };
		433EBDB929C47CA400CF7386 /* FirebaseAnalytics in Frameworks */ = {isa = PBXBuildFile; productRef = 433EBDB829C47CA400CF7386 /* FirebaseAnalytics */; };
		433EBDBB29C47CA400CF7386 /* FirebaseAuth in Frameworks */ = {isa = PBXBuildFile; productRef = 433EBDBA29C47CA400CF7386 /* FirebaseAuth */; };
		433EBDBD29C47CA400CF7386 /* FirebaseFirestore in Frameworks */ = {isa = PBXBuildFile; productRef = 433EBDBC29C47CA400CF7386 /* FirebaseFirestore */; };
		433EBDBF29C4A78F00CF7386 /* AuthUser.swift in Sources */ = {isa = PBXBuildFile; fileRef = 433EBDBE29C4A78F00CF7386 /* AuthUser.swift */; };
		433EBDC329C52ACE00CF7386 /* HomeView.swift in Sources */ = {isa = PBXBuildFile; fileRef = 433EBDC229C52ACE00CF7386 /* HomeView.swift */; };
		433EBDC529C52AE900CF7386 /* LessonView.swift in Sources */ = {isa = PBXBuildFile; fileRef = 433EBDC429C52AE900CF7386 /* LessonView.swift */; };
		433EBDC729C52B0300CF7386 /* QuestionsFunnelView.swift in Sources */ = {isa = PBXBuildFile; fileRef = 433EBDC629C52B0300CF7386 /* QuestionsFunnelView.swift */; };
		433EBDC929C5338600CF7386 /* AssociativeQuestionView.swift in Sources */ = {isa = PBXBuildFile; fileRef = 433EBDC829C5338600CF7386 /* AssociativeQuestionView.swift */; };
		433EBDCB29C533CF00CF7386 /* ClassicQuestionView.swift in Sources */ = {isa = PBXBuildFile; fileRef = 433EBDCA29C533CF00CF7386 /* ClassicQuestionView.swift */; };
		433EBDCD29C533EA00CF7386 /* SequenceQuestionView.swift in Sources */ = {isa = PBXBuildFile; fileRef = 433EBDCC29C533EA00CF7386 /* SequenceQuestionView.swift */; };
		433EBDD329C5362600CF7386 /* TopBar.swift in Sources */ = {isa = PBXBuildFile; fileRef = 433EBDD229C5362600CF7386 /* TopBar.swift */; };
		433EBDD729C53CF400CF7386 /* ProgressBar.swift in Sources */ = {isa = PBXBuildFile; fileRef = 433EBDD629C53CF400CF7386 /* ProgressBar.swift */; };
		433EBDDB29C6093900CF7386 /* DailyStreakBar.swift in Sources */ = {isa = PBXBuildFile; fileRef = 433EBDDA29C6093900CF7386 /* DailyStreakBar.swift */; };
		433EBDDF29C60CF500CF7386 /* User.swift in Sources */ = {isa = PBXBuildFile; fileRef = 433EBDDE29C60CF500CF7386 /* User.swift */; };
/* End PBXBuildFile section */

/* Begin PBXFileReference section */
		433EBDA429C4798900CF7386 /* Digital Genius.app */ = {isa = PBXFileReference; explicitFileType = wrapper.application; includeInIndex = 0; path = "Digital Genius.app"; sourceTree = BUILT_PRODUCTS_DIR; };
		433EBDA729C4798900CF7386 /* Digital_GeniusApp.swift */ = {isa = PBXFileReference; lastKnownFileType = sourcecode.swift; path = Digital_GeniusApp.swift; sourceTree = "<group>"; };
		433EBDA929C4798900CF7386 /* ContentView.swift */ = {isa = PBXFileReference; lastKnownFileType = sourcecode.swift; path = ContentView.swift; sourceTree = "<group>"; };
		433EBDAB29C4798A00CF7386 /* Assets.xcassets */ = {isa = PBXFileReference; lastKnownFileType = folder.assetcatalog; path = Assets.xcassets; sourceTree = "<group>"; };
		433EBDAE29C4798A00CF7386 /* Preview Assets.xcassets */ = {isa = PBXFileReference; lastKnownFileType = folder.assetcatalog; path = "Preview Assets.xcassets"; sourceTree = "<group>"; };
		433EBDB529C47A7800CF7386 /* GoogleService-Info.plist */ = {isa = PBXFileReference; fileEncoding = 4; lastKnownFileType = text.plist.xml; path = "GoogleService-Info.plist"; sourceTree = "<group>"; };
		433EBDBE29C4A78F00CF7386 /* AuthUser.swift */ = {isa = PBXFileReference; lastKnownFileType = sourcecode.swift; path = AuthUser.swift; sourceTree = "<group>"; };
		433EBDC229C52ACE00CF7386 /* HomeView.swift */ = {isa = PBXFileReference; lastKnownFileType = sourcecode.swift; path = HomeView.swift; sourceTree = "<group>"; };
		433EBDC429C52AE900CF7386 /* LessonView.swift */ = {isa = PBXFileReference; lastKnownFileType = sourcecode.swift; path = LessonView.swift; sourceTree = "<group>"; };
		433EBDC629C52B0300CF7386 /* QuestionsFunnelView.swift */ = {isa = PBXFileReference; lastKnownFileType = sourcecode.swift; path = QuestionsFunnelView.swift; sourceTree = "<group>"; };
		433EBDC829C5338600CF7386 /* AssociativeQuestionView.swift */ = {isa = PBXFileReference; lastKnownFileType = sourcecode.swift; path = AssociativeQuestionView.swift; sourceTree = "<group>"; };
		433EBDCA29C533CF00CF7386 /* ClassicQuestionView.swift */ = {isa = PBXFileReference; lastKnownFileType = sourcecode.swift; path = ClassicQuestionView.swift; sourceTree = "<group>"; };
		433EBDCC29C533EA00CF7386 /* SequenceQuestionView.swift */ = {isa = PBXFileReference; lastKnownFileType = sourcecode.swift; path = SequenceQuestionView.swift; sourceTree = "<group>"; };
		433EBDD229C5362600CF7386 /* TopBar.swift */ = {isa = PBXFileReference; lastKnownFileType = sourcecode.swift; path = TopBar.swift; sourceTree = "<group>"; };
		433EBDD629C53CF400CF7386 /* ProgressBar.swift */ = {isa = PBXFileReference; lastKnownFileType = sourcecode.swift; path = ProgressBar.swift; sourceTree = "<group>"; };
		433EBDDA29C6093900CF7386 /* DailyStreakBar.swift */ = {isa = PBXFileReference; lastKnownFileType = sourcecode.swift; path = DailyStreakBar.swift; sourceTree = "<group>"; };
		433EBDDE29C60CF500CF7386 /* User.swift */ = {isa = PBXFileReference; lastKnownFileType = sourcecode.swift; path = User.swift; sourceTree = "<group>"; };
/* End PBXFileReference section */

/* Begin PBXFrameworksBuildPhase section */
		433EBDA129C4798900CF7386 /* Frameworks */ = {
			isa = PBXFrameworksBuildPhase;
			buildActionMask = 2147483647;
			files = (
				433EBDB929C47CA400CF7386 /* FirebaseAnalytics in Frameworks */,
				433EBDBB29C47CA400CF7386 /* FirebaseAuth in Frameworks */,
				433EBDBD29C47CA400CF7386 /* FirebaseFirestore in Frameworks */,
			);
			runOnlyForDeploymentPostprocessing = 0;
		};
/* End PBXFrameworksBuildPhase section */

/* Begin PBXGroup section */
		433EBD9B29C4798900CF7386 = {
			isa = PBXGroup;
			children = (
				433EBDA629C4798900CF7386 /* Digital Genius */,
				433EBDA529C4798900CF7386 /* Products */,
			);
			sourceTree = "<group>";
		};
		433EBDA529C4798900CF7386 /* Products */ = {
			isa = PBXGroup;
			children = (
				433EBDA429C4798900CF7386 /* Digital Genius.app */,
			);
			name = Products;
			sourceTree = "<group>";
		};
		433EBDA629C4798900CF7386 /* Digital Genius */ = {
			isa = PBXGroup;
			children = (
				433EBDA729C4798900CF7386 /* Digital_GeniusApp.swift */,
				433EBDA929C4798900CF7386 /* ContentView.swift */,
				433EBDDD29C60CC100CF7386 /* Models */,
				433EBDCE29C5358C00CF7386 /* Views */,
				433EBDB529C47A7800CF7386 /* GoogleService-Info.plist */,
				433EBDAB29C4798A00CF7386 /* Assets.xcassets */,
				433EBDAD29C4798A00CF7386 /* Preview Content */,
			);
			path = "Digital Genius";
			sourceTree = "<group>";
		};
		433EBDAD29C4798A00CF7386 /* Preview Content */ = {
			isa = PBXGroup;
			children = (
				433EBDAE29C4798A00CF7386 /* Preview Assets.xcassets */,
			);
			path = "Preview Content";
			sourceTree = "<group>";
		};
		433EBDCE29C5358C00CF7386 /* Views */ = {
			isa = PBXGroup;
			children = (
				433EBDD129C535D200CF7386 /* Auth */,
				433EBDCF29C5359D00CF7386 /* Questions */,
				433EBDD029C535B500CF7386 /* Helpers */,
			);
			path = Views;
			sourceTree = "<group>";
		};
		433EBDCF29C5359D00CF7386 /* Questions */ = {
			isa = PBXGroup;
			children = (
				433EBDC229C52ACE00CF7386 /* HomeView.swift */,
				433EBDC829C5338600CF7386 /* AssociativeQuestionView.swift */,
				433EBDCA29C533CF00CF7386 /* ClassicQuestionView.swift */,
				433EBDCC29C533EA00CF7386 /* SequenceQuestionView.swift */,
				433EBDC429C52AE900CF7386 /* LessonView.swift */,
				433EBDC629C52B0300CF7386 /* QuestionsFunnelView.swift */,
			);
			path = Questions;
			sourceTree = "<group>";
		};
		433EBDD029C535B500CF7386 /* Helpers */ = {
			isa = PBXGroup;
			children = (
				433EBDDA29C6093900CF7386 /* DailyStreakBar.swift */,
				433EBDD229C5362600CF7386 /* TopBar.swift */,
				433EBDD629C53CF400CF7386 /* ProgressBar.swift */,
			);
			path = Helpers;
			sourceTree = "<group>";
		};
		433EBDD129C535D200CF7386 /* Auth */ = {
			isa = PBXGroup;
			children = (
				433EBDBE29C4A78F00CF7386 /* AuthUser.swift */,
			);
			path = Auth;
			sourceTree = "<group>";
		};
		433EBDDD29C60CC100CF7386 /* Models */ = {
			isa = PBXGroup;
			children = (
				433EBDDE29C60CF500CF7386 /* User.swift */,
			);
			path = Models;
			sourceTree = "<group>";
		};
/* End PBXGroup section */

/* Begin PBXNativeTarget section */
		433EBDA329C4798900CF7386 /* Digital Genius */ = {
			isa = PBXNativeTarget;
			buildConfigurationList = 433EBDB229C4798A00CF7386 /* Build configuration list for PBXNativeTarget "Digital Genius" */;
			buildPhases = (
				433EBDA029C4798900CF7386 /* Sources */,
				433EBDA129C4798900CF7386 /* Frameworks */,
				433EBDA229C4798900CF7386 /* Resources */,
			);
			buildRules = (
			);
			dependencies = (
			);
			name = "Digital Genius";
			packageProductDependencies = (
				433EBDB829C47CA400CF7386 /* FirebaseAnalytics */,
				433EBDBA29C47CA400CF7386 /* FirebaseAuth */,
				433EBDBC29C47CA400CF7386 /* FirebaseFirestore */,
			);
			productName = "Digital Genius";
			productReference = 433EBDA429C4798900CF7386 /* Digital Genius.app */;
			productType = "com.apple.product-type.application";
		};
/* End PBXNativeTarget section */

/* Begin PBXProject section */
		433EBD9C29C4798900CF7386 /* Project object */ = {
			isa = PBXProject;
			attributes = {
				BuildIndependentTargetsInParallel = 1;
				LastSwiftUpdateCheck = 1420;
				LastUpgradeCheck = 1420;
				TargetAttributes = {
					433EBDA329C4798900CF7386 = {
						CreatedOnToolsVersion = 14.2;
					};
				};
			};
			buildConfigurationList = 433EBD9F29C4798900CF7386 /* Build configuration list for PBXProject "Digital Genius" */;
			compatibilityVersion = "Xcode 14.0";
			developmentRegion = en;
			hasScannedForEncodings = 0;
			knownRegions = (
				en,
				Base,
			);
			mainGroup = 433EBD9B29C4798900CF7386;
			packageReferences = (
				433EBDB729C47CA400CF7386 /* XCRemoteSwiftPackageReference "firebase-ios-sdk" */,
			);
			productRefGroup = 433EBDA529C4798900CF7386 /* Products */;
			projectDirPath = "";
			projectRoot = "";
			targets = (
				433EBDA329C4798900CF7386 /* Digital Genius */,
			);
		};
/* End PBXProject section */

/* Begin PBXResourcesBuildPhase section */
		433EBDA229C4798900CF7386 /* Resources */ = {
			isa = PBXResourcesBuildPhase;
			buildActionMask = 2147483647;
			files = (
				433EBDAF29C4798A00CF7386 /* Preview Assets.xcassets in Resources */,
				433EBDAC29C4798A00CF7386 /* Assets.xcassets in Resources */,
				433EBDB629C47A7800CF7386 /* GoogleService-Info.plist in Resources */,
			);
			runOnlyForDeploymentPostprocessing = 0;
		};
/* End PBXResourcesBuildPhase section */

/* Begin PBXSourcesBuildPhase section */
		433EBDA029C4798900CF7386 /* Sources */ = {
			isa = PBXSourcesBuildPhase;
			buildActionMask = 2147483647;
			files = (
				433EBDDF29C60CF500CF7386 /* User.swift in Sources */,
				433EBDAA29C4798900CF7386 /* ContentView.swift in Sources */,
				433EBDD729C53CF400CF7386 /* ProgressBar.swift in Sources */,
				433EBDCD29C533EA00CF7386 /* SequenceQuestionView.swift in Sources */,
				433EBDCB29C533CF00CF7386 /* ClassicQuestionView.swift in Sources */,
				433EBDC329C52ACE00CF7386 /* HomeView.swift in Sources */,
				433EBDC529C52AE900CF7386 /* LessonView.swift in Sources */,
				433EBDBF29C4A78F00CF7386 /* AuthUser.swift in Sources */,
				433EBDC729C52B0300CF7386 /* QuestionsFunnelView.swift in Sources */,
				433EBDD329C5362600CF7386 /* TopBar.swift in Sources */,
				433EBDDB29C6093900CF7386 /* DailyStreakBar.swift in Sources */,
				433EBDA829C4798900CF7386 /* Digital_GeniusApp.swift in Sources */,
				433EBDC929C5338600CF7386 /* AssociativeQuestionView.swift in Sources */,
			);
			runOnlyForDeploymentPostprocessing = 0;
		};
/* End PBXSourcesBuildPhase section */

/* Begin XCBuildConfiguration section */
		433EBDB029C4798A00CF7386 /* Debug */ = {
			isa = XCBuildConfiguration;
			buildSettings = {
				ALWAYS_SEARCH_USER_PATHS = NO;
				CLANG_ANALYZER_NONNULL = YES;
				CLANG_ANALYZER_NUMBER_OBJECT_CONVERSION = YES_AGGRESSIVE;
				CLANG_CXX_LANGUAGE_STANDARD = "gnu++20";
				CLANG_ENABLE_MODULES = YES;
				CLANG_ENABLE_OBJC_ARC = YES;
				CLANG_ENABLE_OBJC_WEAK = YES;
				CLANG_WARN_BLOCK_CAPTURE_AUTORELEASING = YES;
				CLANG_WARN_BOOL_CONVERSION = YES;
				CLANG_WARN_COMMA = YES;
				CLANG_WARN_CONSTANT_CONVERSION = YES;
				CLANG_WARN_DEPRECATED_OBJC_IMPLEMENTATIONS = YES;
				CLANG_WARN_DIRECT_OBJC_ISA_USAGE = YES_ERROR;
				CLANG_WARN_DOCUMENTATION_COMMENTS = YES;
				CLANG_WARN_EMPTY_BODY = YES;
				CLANG_WARN_ENUM_CONVERSION = YES;
				CLANG_WARN_INFINITE_RECURSION = YES;
				CLANG_WARN_INT_CONVERSION = YES;
				CLANG_WARN_NON_LITERAL_NULL_CONVERSION = YES;
				CLANG_WARN_OBJC_IMPLICIT_RETAIN_SELF = YES;
				CLANG_WARN_OBJC_LITERAL_CONVERSION = YES;
				CLANG_WARN_OBJC_ROOT_CLASS = YES_ERROR;
				CLANG_WARN_QUOTED_INCLUDE_IN_FRAMEWORK_HEADER = YES;
				CLANG_WARN_RANGE_LOOP_ANALYSIS = YES;
				CLANG_WARN_STRICT_PROTOTYPES = YES;
				CLANG_WARN_SUSPICIOUS_MOVE = YES;
				CLANG_WARN_UNGUARDED_AVAILABILITY = YES_AGGRESSIVE;
				CLANG_WARN_UNREACHABLE_CODE = YES;
				CLANG_WARN__DUPLICATE_METHOD_MATCH = YES;
				COPY_PHASE_STRIP = NO;
				DEBUG_INFORMATION_FORMAT = dwarf;
				ENABLE_STRICT_OBJC_MSGSEND = YES;
				ENABLE_TESTABILITY = YES;
				GCC_C_LANGUAGE_STANDARD = gnu11;
				GCC_DYNAMIC_NO_PIC = NO;
				GCC_NO_COMMON_BLOCKS = YES;
				GCC_OPTIMIZATION_LEVEL = 0;
				GCC_PREPROCESSOR_DEFINITIONS = (
					"DEBUG=1",
					"$(inherited)",
				);
				GCC_WARN_64_TO_32_BIT_CONVERSION = YES;
				GCC_WARN_ABOUT_RETURN_TYPE = YES_ERROR;
				GCC_WARN_UNDECLARED_SELECTOR = YES;
				GCC_WARN_UNINITIALIZED_AUTOS = YES_AGGRESSIVE;
				GCC_WARN_UNUSED_FUNCTION = YES;
				GCC_WARN_UNUSED_VARIABLE = YES;
				IPHONEOS_DEPLOYMENT_TARGET = 16.2;
				MTL_ENABLE_DEBUG_INFO = INCLUDE_SOURCE;
				MTL_FAST_MATH = YES;
				ONLY_ACTIVE_ARCH = YES;
				SDKROOT = iphoneos;
				SWIFT_ACTIVE_COMPILATION_CONDITIONS = DEBUG;
				SWIFT_OPTIMIZATION_LEVEL = "-Onone";
			};
			name = Debug;
		};
		433EBDB129C4798A00CF7386 /* Release */ = {
			isa = XCBuildConfiguration;
			buildSettings = {
				ALWAYS_SEARCH_USER_PATHS = NO;
				CLANG_ANALYZER_NONNULL = YES;
				CLANG_ANALYZER_NUMBER_OBJECT_CONVERSION = YES_AGGRESSIVE;
				CLANG_CXX_LANGUAGE_STANDARD = "gnu++20";
				CLANG_ENABLE_MODULES = YES;
				CLANG_ENABLE_OBJC_ARC = YES;
				CLANG_ENABLE_OBJC_WEAK = YES;
				CLANG_WARN_BLOCK_CAPTURE_AUTORELEASING = YES;
				CLANG_WARN_BOOL_CONVERSION = YES;
				CLANG_WARN_COMMA = YES;
				CLANG_WARN_CONSTANT_CONVERSION = YES;
				CLANG_WARN_DEPRECATED_OBJC_IMPLEMENTATIONS = YES;
				CLANG_WARN_DIRECT_OBJC_ISA_USAGE = YES_ERROR;
				CLANG_WARN_DOCUMENTATION_COMMENTS = YES;
				CLANG_WARN_EMPTY_BODY = YES;
				CLANG_WARN_ENUM_CONVERSION = YES;
				CLANG_WARN_INFINITE_RECURSION = YES;
				CLANG_WARN_INT_CONVERSION = YES;
				CLANG_WARN_NON_LITERAL_NULL_CONVERSION = YES;
				CLANG_WARN_OBJC_IMPLICIT_RETAIN_SELF = YES;
				CLANG_WARN_OBJC_LITERAL_CONVERSION = YES;
				CLANG_WARN_OBJC_ROOT_CLASS = YES_ERROR;
				CLANG_WARN_QUOTED_INCLUDE_IN_FRAMEWORK_HEADER = YES;
				CLANG_WARN_RANGE_LOOP_ANALYSIS = YES;
				CLANG_WARN_STRICT_PROTOTYPES = YES;
				CLANG_WARN_SUSPICIOUS_MOVE = YES;
				CLANG_WARN_UNGUARDED_AVAILABILITY = YES_AGGRESSIVE;
				CLANG_WARN_UNREACHABLE_CODE = YES;
				CLANG_WARN__DUPLICATE_METHOD_MATCH = YES;
				COPY_PHASE_STRIP = NO;
				DEBUG_INFORMATION_FORMAT = "dwarf-with-dsym";
				ENABLE_NS_ASSERTIONS = NO;
				ENABLE_STRICT_OBJC_MSGSEND = YES;
				GCC_C_LANGUAGE_STANDARD = gnu11;
				GCC_NO_COMMON_BLOCKS = YES;
				GCC_WARN_64_TO_32_BIT_CONVERSION = YES;
				GCC_WARN_ABOUT_RETURN_TYPE = YES_ERROR;
				GCC_WARN_UNDECLARED_SELECTOR = YES;
				GCC_WARN_UNINITIALIZED_AUTOS = YES_AGGRESSIVE;
				GCC_WARN_UNUSED_FUNCTION = YES;
				GCC_WARN_UNUSED_VARIABLE = YES;
				IPHONEOS_DEPLOYMENT_TARGET = 16.2;
				MTL_ENABLE_DEBUG_INFO = NO;
				MTL_FAST_MATH = YES;
				SDKROOT = iphoneos;
				SWIFT_COMPILATION_MODE = wholemodule;
				SWIFT_OPTIMIZATION_LEVEL = "-O";
				VALIDATE_PRODUCT = YES;
			};
			name = Release;
		};
		433EBDB329C4798A00CF7386 /* Debug */ = {
			isa = XCBuildConfiguration;
			buildSettings = {
				ASSETCATALOG_COMPILER_APPICON_NAME = AppIcon;
				ASSETCATALOG_COMPILER_GLOBAL_ACCENT_COLOR_NAME = AccentColor;
				CODE_SIGN_STYLE = Automatic;
				CURRENT_PROJECT_VERSION = 1;
				DEVELOPMENT_ASSET_PATHS = "\"Digital Genius/Preview Content\"";
				DEVELOPMENT_TEAM = YA24P24868;
				ENABLE_PREVIEWS = YES;
				GENERATE_INFOPLIST_FILE = YES;
				INFOPLIST_KEY_UIApplicationSceneManifest_Generation = YES;
				INFOPLIST_KEY_UIApplicationSupportsIndirectInputEvents = YES;
				INFOPLIST_KEY_UILaunchScreen_Generation = YES;
				INFOPLIST_KEY_UISupportedInterfaceOrientations_iPad = "UIInterfaceOrientationPortrait UIInterfaceOrientationPortraitUpsideDown UIInterfaceOrientationLandscapeLeft UIInterfaceOrientationLandscapeRight";
				INFOPLIST_KEY_UISupportedInterfaceOrientations_iPhone = "UIInterfaceOrientationPortrait UIInterfaceOrientationLandscapeLeft UIInterfaceOrientationLandscapeRight";
				LD_RUNPATH_SEARCH_PATHS = (
					"$(inherited)",
					"@executable_path/Frameworks",
				);
				MARKETING_VERSION = 1.0;
				PRODUCT_BUNDLE_IDENTIFIER = "com.cortex.Digital-Genius";
				PRODUCT_NAME = "$(TARGET_NAME)";
				SWIFT_EMIT_LOC_STRINGS = YES;
				SWIFT_VERSION = 5.0;
				TARGETED_DEVICE_FAMILY = "1,2";
			};
			name = Debug;
		};
		433EBDB429C4798A00CF7386 /* Release */ = {
			isa = XCBuildConfiguration;
			buildSettings = {
				ASSETCATALOG_COMPILER_APPICON_NAME = AppIcon;
				ASSETCATALOG_COMPILER_GLOBAL_ACCENT_COLOR_NAME = AccentColor;
				CODE_SIGN_STYLE = Automatic;
				CURRENT_PROJECT_VERSION = 1;
				DEVELOPMENT_ASSET_PATHS = "\"Digital Genius/Preview Content\"";
				DEVELOPMENT_TEAM = YA24P24868;
				ENABLE_PREVIEWS = YES;
				GENERATE_INFOPLIST_FILE = YES;
				INFOPLIST_KEY_UIApplicationSceneManifest_Generation = YES;
				INFOPLIST_KEY_UIApplicationSupportsIndirectInputEvents = YES;
				INFOPLIST_KEY_UILaunchScreen_Generation = YES;
				INFOPLIST_KEY_UISupportedInterfaceOrientations_iPad = "UIInterfaceOrientationPortrait UIInterfaceOrientationPortraitUpsideDown UIInterfaceOrientationLandscapeLeft UIInterfaceOrientationLandscapeRight";
				INFOPLIST_KEY_UISupportedInterfaceOrientations_iPhone = "UIInterfaceOrientationPortrait UIInterfaceOrientationLandscapeLeft UIInterfaceOrientationLandscapeRight";
				LD_RUNPATH_SEARCH_PATHS = (
					"$(inherited)",
					"@executable_path/Frameworks",
				);
				MARKETING_VERSION = 1.0;
				PRODUCT_BUNDLE_IDENTIFIER = "com.cortex.Digital-Genius";
				PRODUCT_NAME = "$(TARGET_NAME)";
				SWIFT_EMIT_LOC_STRINGS = YES;
				SWIFT_VERSION = 5.0;
				TARGETED_DEVICE_FAMILY = "1,2";
			};
			name = Release;
		};
/* End XCBuildConfiguration section */

/* Begin XCConfigurationList section */
		433EBD9F29C4798900CF7386 /* Build configuration list for PBXProject "Digital Genius" */ = {
			isa = XCConfigurationList;
			buildConfigurations = (
				433EBDB029C4798A00CF7386 /* Debug */,
				433EBDB129C4798A00CF7386 /* Release */,
			);
			defaultConfigurationIsVisible = 0;
			defaultConfigurationName = Release;
		};
		433EBDB229C4798A00CF7386 /* Build configuration list for PBXNativeTarget "Digital Genius" */ = {
			isa = XCConfigurationList;
			buildConfigurations = (
				433EBDB329C4798A00CF7386 /* Debug */,
				433EBDB429C4798A00CF7386 /* Release */,
			);
			defaultConfigurationIsVisible = 0;
			defaultConfigurationName = Release;
		};
/* End XCConfigurationList section */

/* Begin XCRemoteSwiftPackageReference section */
		433EBDB729C47CA400CF7386 /* XCRemoteSwiftPackageReference "firebase-ios-sdk" */ = {
			isa = XCRemoteSwiftPackageReference;
			repositoryURL = "https://github.com/firebase/firebase-ios-sdk.git";
			requirement = {
				kind = upToNextMajorVersion;
				minimumVersion = 9.0.0;
			};
		};
/* End XCRemoteSwiftPackageReference section */

/* Begin XCSwiftPackageProductDependency section */
		433EBDB829C47CA400CF7386 /* FirebaseAnalytics */ = {
			isa = XCSwiftPackageProductDependency;
			package = 433EBDB729C47CA400CF7386 /* XCRemoteSwiftPackageReference "firebase-ios-sdk" */;
			productName = FirebaseAnalytics;
		};
		433EBDBA29C47CA400CF7386 /* FirebaseAuth */ = {
			isa = XCSwiftPackageProductDependency;
			package = 433EBDB729C47CA400CF7386 /* XCRemoteSwiftPackageReference "firebase-ios-sdk" */;
			productName = FirebaseAuth;
		};
		433EBDBC29C47CA400CF7386 /* FirebaseFirestore */ = {
			isa = XCSwiftPackageProductDependency;
			package = 433EBDB729C47CA400CF7386 /* XCRemoteSwiftPackageReference "firebase-ios-sdk" */;
			productName = FirebaseFirestore;
		};
/* End XCSwiftPackageProductDependency section */
	};
	rootObject = 433EBD9C29C4798900CF7386 /* Project object */;
}
